{
  "version": 4,
  "terraform_version": "1.5.3",
  "serial": 1,
  "lineage": "8d49a27d-764b-4314-cf60-bcd97a6e1441",
  "outputs": {},
  "resources": [
    {
      "module": "module.ec2",
      "mode": "data",
      "type": "template_file",
      "name": "user_data",
      "provider": "provider[\"registry.terraform.io/hashicorp/template\"]",
      "instances": [
        {
          "schema_version": 0,
          "attributes": {
            "filename": null,
            "id": "a7bfacef4cd89493d793e11599acd0b2e849027258be977b19a80beab5f7b4a9",
            "rendered": "# we can to subscribe to existing instance from AWS marketplace: https://aws.amazon.com/marketplace/pp/prodview-xtrr62r4bdr22\n\n#!/bin/bash\n\ninstance_name=\"misha-test\"\n\nprivate_ip=$(curl http://169.254.169.254/latest/meta-data/local-ipv4)\nprintf \"127.0.0.1 localhost\n127.0.1.1 \"misha-test\"\\n\\n\n\n# The following lines are desirable for IPv6 capable hosts\n::1 ip6-localhost ip6-loopback\nfe00::0 ip6-localnet\nff00::0 ip6-mcastprefix\nff02::1 ip6-allnodes\nff02::2 ip6-allrouters\nff02::3 ip6-allhosts\\n\" \u003e /etc/hosts\n\nhostname misha-test\nprintf \"misha-test\" \u003e /etc/hostname\n\napt-get update\napt-get install -y awscli\n",
            "template": "# we can to subscribe to existing instance from AWS marketplace: https://aws.amazon.com/marketplace/pp/prodview-xtrr62r4bdr22\n\n#!/bin/bash\n\ninstance_name=\"${instance_name}\"\n\nprivate_ip=$(curl http://169.254.169.254/latest/meta-data/local-ipv4)\nprintf \"127.0.0.1 localhost\n127.0.1.1 \"${instance_name}\"\\n\\n\n\n# The following lines are desirable for IPv6 capable hosts\n::1 ip6-localhost ip6-loopback\nfe00::0 ip6-localnet\nff00::0 ip6-mcastprefix\nff02::1 ip6-allnodes\nff02::2 ip6-allrouters\nff02::3 ip6-allhosts\\n\" \u003e /etc/hosts\n\nhostname ${instance_name}\nprintf \"${instance_name}\" \u003e /etc/hostname\n\napt-get update\napt-get install -y awscli\n",
            "vars": {
              "instance_name": "misha-test"
            }
          },
          "sensitive_attributes": []
        }
      ]
    },
    {
      "module": "module.ec2",
      "mode": "managed",
      "type": "aws_instance",
      "name": "instance_name",
      "provider": "provider[\"registry.terraform.io/hashicorp/aws\"]",
      "instances": [
        {
          "index_key": 0,
          "schema_version": 1,
          "attributes": {
            "ami": "ami-0fc682b2a42e57ca2",
            "arn": "arn:aws:ec2:us-east-1:688228830894:instance/i-054cfda011430a958",
            "associate_public_ip_address": true,
            "availability_zone": "us-east-1e",
            "capacity_reservation_specification": [
              {
                "capacity_reservation_preference": "open",
                "capacity_reservation_target": []
              }
            ],
            "cpu_core_count": 1,
            "cpu_options": [
              {
                "amd_sev_snp": "",
                "core_count": 1,
                "threads_per_core": 1
              }
            ],
            "cpu_threads_per_core": 1,
            "credit_specification": [
              {
                "cpu_credits": "standard"
              }
            ],
            "disable_api_stop": false,
            "disable_api_termination": false,
            "ebs_block_device": [
              {
                "delete_on_termination": false,
                "device_name": "/dev/sda1",
                "encrypted": false,
                "iops": 100,
                "kms_key_id": "",
                "snapshot_id": "",
                "tags": {},
                "throughput": 0,
                "volume_id": "vol-0b557ee52e3faf012",
                "volume_size": 30,
                "volume_type": "gp2"
              }
            ],
            "ebs_optimized": false,
            "enclave_options": [
              {
                "enabled": false
              }
            ],
            "ephemeral_block_device": [],
            "get_password_data": false,
            "hibernation": false,
            "host_id": "",
            "host_resource_group_arn": null,
            "iam_instance_profile": "",
            "id": "i-054cfda011430a958",
            "instance_initiated_shutdown_behavior": "stop",
            "instance_lifecycle": "",
            "instance_market_options": [],
            "instance_state": "running",
            "instance_type": "t2.micro",
            "ipv6_address_count": 0,
            "ipv6_addresses": [],
            "key_name": "",
            "launch_template": [],
            "maintenance_options": [
              {
                "auto_recovery": "default"
              }
            ],
            "metadata_options": [
              {
                "http_endpoint": "enabled",
                "http_put_response_hop_limit": 1,
                "http_tokens": "optional",
                "instance_metadata_tags": "disabled"
              }
            ],
            "monitoring": false,
            "network_interface": [],
            "outpost_arn": "",
            "password_data": "",
            "placement_group": "",
            "placement_partition_number": 0,
            "primary_network_interface_id": "eni-0859a41af952fc17b",
            "private_dns": "ip-172-31-33-112.ec2.internal",
            "private_dns_name_options": [
              {
                "enable_resource_name_dns_a_record": false,
                "enable_resource_name_dns_aaaa_record": false,
                "hostname_type": "ip-name"
              }
            ],
            "private_ip": "172.31.33.112",
            "public_dns": "ec2-54-157-128-196.compute-1.amazonaws.com",
            "public_ip": "54.157.128.196",
            "root_block_device": [
              {
                "delete_on_termination": false,
                "device_name": "/dev/sda1",
                "encrypted": false,
                "iops": 100,
                "kms_key_id": "",
                "tags": {},
                "throughput": 0,
                "volume_id": "vol-0b557ee52e3faf012",
                "volume_size": 30,
                "volume_type": "gp2"
              }
            ],
            "secondary_private_ips": [],
            "security_groups": [
              "default"
            ],
            "source_dest_check": true,
            "spot_instance_request_id": "",
            "subnet_id": "subnet-11084b2c",
            "tags": {
              "Managed_by": "iac",
              "Name": "misha-test-1",
              "Owner": "devops"
            },
            "tags_all": {
              "Managed_by": "iac",
              "Name": "misha-test-1",
              "Owner": "devops"
            },
            "tenancy": "default",
            "timeouts": null,
            "user_data": "bb2256bfadb07ff2f89c6558fcccd8e21e22ddec",
            "user_data_base64": null,
            "user_data_replace_on_change": false,
            "volume_tags": null,
            "vpc_security_group_ids": [
              "sg-08316370"
            ]
          },
          "sensitive_attributes": [],
          "private": "eyJlMmJmYjczMC1lY2FhLTExZTYtOGY4OC0zNDM2M2JjN2M0YzAiOnsiY3JlYXRlIjo2MDAwMDAwMDAwMDAsImRlbGV0ZSI6MTIwMDAwMDAwMDAwMCwidXBkYXRlIjo2MDAwMDAwMDAwMDB9LCJzY2hlbWFfdmVyc2lvbiI6IjEifQ==",
          "dependencies": [
            "module.ec2.data.template_file.user_data"
          ]
        }
      ]
    }
  ],
  "check_results": null
}
